{
    "_readme": [
        "This file locks the dependencies of your project to a known state",
        "Read more about it at http://getcomposer.org/doc/01-basic-usage.md#composer-lock-the-lock-file",
        "This file is @generated automatically"
    ],
    "hash": "e23ceffd6a30af337cec52bd9ab41419",
    "packages": [
        {
            "name": "sabre/event",
            "version": "1.0.1",
            "source": {
                "type": "git",
                "url": "https://github.com/fruux/sabre-event.git",
                "reference": "5ee3adf5441c2fe53b8ceacff6db81e621ee884c"
            },
            "dist": {
                "type": "zip",
                "url": "https://api.github.com/repos/fruux/sabre-event/zipball/5ee3adf5441c2fe53b8ceacff6db81e621ee884c",
                "reference": "5ee3adf5441c2fe53b8ceacff6db81e621ee884c",
                "shasum": ""
            },
            "require": {
                "php": ">=5.4.1"
            },
            "type": "library",
            "autoload": {
                "psr-0": {
                    "Sabre\\Event": "lib/"
                }
            },
            "notification-url": "https://packagist.org/downloads/",
            "license": [
                "BSD-3-Clause"
            ],
            "authors": [
                {
                    "name": "Evert Pot",
                    "email": "me@evertpot.com",
                    "homepage": "http://evertpot.com/",
                    "role": "Developer"
                }
            ],
            "description": "The sabre/event library provides utilities for lightweight event-based programming",
            "homepage": "http://sabre.io/event",
            "keywords": [
                "EventEmitter",
                "events"
            ],
            "time": "2014-06-12 16:34:49"
        },
        {
            "name": "sabre/http",
            "version": "2.0.4",
            "source": {
                "type": "git",
                "url": "https://github.com/fruux/sabre-http.git",
                "reference": "c4c24f547a5509c6c661b11ecf4ff524d2bf6a44"
            },
            "dist": {
                "type": "zip",
                "url": "https://api.github.com/repos/fruux/sabre-http/zipball/c4c24f547a5509c6c661b11ecf4ff524d2bf6a44",
                "reference": "c4c24f547a5509c6c661b11ecf4ff524d2bf6a44",
                "shasum": ""
            },
            "require": {
                "ext-mbstring": "*",
                "php": ">=5.4",
                "sabre/event": ">=1.0.0,<3.0.0"
            },
            "require-dev": {
                "phpunit/phpunit": "*",
                "squizlabs/php_codesniffer": "~1.5.3"
            },
            "suggest": {
                "ext-curl": " to make http requests with the Client class"
            },
            "type": "library",
            "autoload": {
                "psr-0": {
                    "Sabre\\HTTP": "lib/"
                }
            },
            "notification-url": "https://packagist.org/downloads/",
            "license": [
                "BSD-3-Clause"
            ],
            "authors": [
                {
                    "name": "Evert Pot",
                    "email": "evert@rooftopsolutions.nl",
                    "homepage": "http://www.rooftopsolutions.nl/",
                    "role": "Developer"
                }
            ],
            "description": "The sabre/http library provides utilities for dealing with http requests and responses. ",
            "homepage": "https://github.com/fruux/sabre-http",
            "keywords": [
                "http"
            ],
            "time": "2014-07-14 18:13:13"
        },
        {
            "name": "sabre/vobject",
            "version": "3.2.4",
            "source": {
                "type": "git",
                "url": "https://github.com/fruux/sabre-vobject.git",
                "reference": "a064447d7e76dc564ffcf3a830057c2f0c17bfbd"
            },
            "dist": {
                "type": "zip",
                "url": "https://api.github.com/repos/fruux/sabre-vobject/zipball/a064447d7e76dc564ffcf3a830057c2f0c17bfbd",
                "reference": "a064447d7e76dc564ffcf3a830057c2f0c17bfbd",
                "shasum": ""
            },
            "require": {
                "ext-mbstring": "*",
                "php": ">=5.3.1"
            },
            "require-dev": {
                "phpunit/phpunit": "*",
                "squizlabs/php_codesniffer": "*"
            },
            "bin": [
                "bin/vobject",
                "bin/generate_vcards"
            ],
            "type": "library",
            "extra": {
                "branch-alias": {
                    "dev-master": "3.2.x-dev"
                }
            },
            "autoload": {
                "psr-0": {
                    "Sabre\\VObject": "lib/"
                }
            },
            "notification-url": "https://packagist.org/downloads/",
            "license": [
                "BSD-3-Clause"
            ],
            "authors": [
                {
                    "name": "Evert Pot",
                    "email": "evert@rooftopsolutions.nl",
                    "homepage": "http://evertpot.com/",
                    "role": "Developer"
                }
            ],
            "description": "The VObject library for PHP allows you to easily parse and manipulate iCalendar and vCard objects",
            "homepage": "http://sabre.io/vobject/",
            "keywords": [
                "VObject",
                "iCalendar",
                "jCal",
                "jCard",
                "vCard"
            ],
            "time": "2014-07-14 18:04:23"
        }
    ],
    "packages-dev": null,
    "aliases": [],
    "minimum-stability": "stable",
    "stability-flags": [],
    "platform": {
        "php": ">=5.4.1",
        "ext-dom": "*",
        "ext-pcre": "*",
        "ext-spl": "*",
        "ext-simplexml": "*",
        "ext-mbstring": "*",
        "ext-ctype": "*",
        "ext-date": "*",
        "ext-iconv": "*",
        "ext-libxml": "*"
    },
    "platform-dev": []
}
